// !$*UTF8*$!
{
	archiveVersion = 1;
	classes = {
	};
	objectVersion = 46;
	objects = {

/* Begin PBXBuildFile section */
		7240C2C91EF4711B00F23C03 /* AppDelegate.swift in Sources */ = {isa = PBXBuildFile; fileRef = 7240C2C81EF4711B00F23C03 /* AppDelegate.swift */; };
		7240C2CE1EF4711B00F23C03 /* Main.storyboard in Resources */ = {isa = PBXBuildFile; fileRef = 7240C2CC1EF4711B00F23C03 /* Main.storyboard */; };
		7240C2D01EF4711C00F23C03 /* Assets.xcassets in Resources */ = {isa = PBXBuildFile; fileRef = 7240C2CF1EF4711C00F23C03 /* Assets.xcassets */; };
		7240C2D31EF4711C00F23C03 /* LaunchScreen.storyboard in Resources */ = {isa = PBXBuildFile; fileRef = 7240C2D11EF4711C00F23C03 /* LaunchScreen.storyboard */; };
		7240C2DB1EF471AF00F23C03 /* MainViewController.swift in Sources */ = {isa = PBXBuildFile; fileRef = 7240C2DA1EF471AF00F23C03 /* MainViewController.swift */; };
		7240C2DD1EF4721600F23C03 /* MemeStruct.swift in Sources */ = {isa = PBXBuildFile; fileRef = 7240C2DC1EF4721600F23C03 /* MemeStruct.swift */; };
/* End PBXBuildFile section */

/* Begin PBXFileReference section */
		7240C2C51EF4711B00F23C03 /* SecondMeme.app */ = {isa = PBXFileReference; explicitFileType = wrapper.application; includeInIndex = 0; path = SecondMeme.app; sourceTree = BUILT_PRODUCTS_DIR; };
		7240C2C81EF4711B00F23C03 /* AppDelegate.swift */ = {isa = PBXFileReference; lastKnownFileType = sourcecode.swift; path = AppDelegate.swift; sourceTree = "<group>"; };
		7240C2CD1EF4711B00F23C03 /* Base */ = {isa = PBXFileReference; lastKnownFileType = file.storyboard; name = Base; path = Base.lproj/Main.storyboard; sourceTree = "<group>"; };
		7240C2CF1EF4711C00F23C03 /* Assets.xcassets */ = {isa = PBXFileReference; lastKnownFileType = folder.assetcatalog; path = Assets.xcassets; sourceTree = "<group>"; };
		7240C2D21EF4711C00F23C03 /* Base */ = {isa = PBXFileReference; lastKnownFileType = file.storyboard; name = Base; path = Base.lproj/LaunchScreen.storyboard; sourceTree = "<group>"; };
		7240C2D41EF4711C00F23C03 /* Info.plist */ = {isa = PBXFileReference; lastKnownFileType = text.plist.xml; path = Info.plist; sourceTree = "<group>"; };
		7240C2DA1EF471AF00F23C03 /* MainViewController.swift */ = {isa = PBXFileReference; fileEncoding = 4; lastKnownFileType = sourcecode.swift; path = MainViewController.swift; sourceTree = "<group>"; };
		7240C2DC1EF4721600F23C03 /* MemeStruct.swift */ = {isa = PBXFileReference; fileEncoding = 4; lastKnownFileType = sourcecode.swift; path = MemeStruct.swift; sourceTree = "<group>"; };
/* End PBXFileReference section */

/* Begin PBXFrameworksBuildPhase section */
		7240C2C21EF4711B00F23C03 /* Frameworks */ = {
			isa = PBXFrameworksBuildPhase;
			buildActionMask = 2147483647;
			files = (
			);
			runOnlyForDeploymentPostprocessing = 0;
		};
/* End PBXFrameworksBuildPhase section */

/* Begin PBXGroup section */
		7240C2BC1EF4711B00F23C03 = {
			isa = PBXGroup;
			children = (
				7240C2C71EF4711B00F23C03 /* SecondMeme */,
				7240C2C61EF4711B00F23C03 /* Products */,
			);
			sourceTree = "<group>";
		};
		7240C2C61EF4711B00F23C03 /* Products */ = {
			isa = PBXGroup;
			children = (
				7240C2C51EF4711B00F23C03 /* SecondMeme.app */,
			);
			name = Products;
			sourceTree = "<group>";
		};
		7240C2C71EF4711B00F23C03 /* SecondMeme */ = {
			isa = PBXGroup;
			children = (
				7240C2C81EF4711B00F23C03 /* AppDelegate.swift */,
				7240C2DA1EF471AF00F23C03 /* MainViewController.swift */,
				7240C2DC1EF4721600F23C03 /* MemeStruct.swift */,
				7240C2CC1EF4711B00F23C03 /* Main.storyboard */,
				7240C2CF1EF4711C00F23C03 /* Assets.xcassets */,
				7240C2D11EF4711C00F23C03 /* LaunchScreen.storyboard */,
				7240C2D41EF4711C00F23C03 /* Info.plist */,
			);
			path = SecondMeme;
			sourceTree = "<group>";
		};
/* End PBXGroup section */

/* Begin PBXNativeTarget section */
		7240C2C41EF4711B00F23C03 /* SecondMeme */ = {
			isa = PBXNativeTarget;
			buildConfigurationList = 7240C2D71EF4711C00F23C03 /* Build configuration list for PBXNativeTarget "SecondMeme" */;
			buildPhases = (
				7240C2C11EF4711B00F23C03 /* Sources */,
				7240C2C21EF4711B00F23C03 /* Frameworks */,
				7240C2C31EF4711B00F23C03 /* Resources */,
			);
			buildRules = (
			);
			dependencies = (
			);
			name = SecondMeme;
			productName = SecondMeme;
			productReference = 7240C2C51EF4711B00F23C03 /* SecondMeme.app */;
			productType = "com.apple.product-type.application";
		};
/* End PBXNativeTarget section */

/* Begin PBXProject section */
		7240C2BD1EF4711B00F23C03 /* Project object */ = {
			isa = PBXProject;
			attributes = {
				LastSwiftUpdateCheck = 0830;
				LastUpgradeCheck = 0830;
				ORGANIZATIONNAME = "ziming li";
				TargetAttributes = {
					7240C2C41EF4711B00F23C03 = {
						CreatedOnToolsVersion = 8.3.3;
						DevelopmentTeam = 283DJ7CH6F;
						ProvisioningStyle = Automatic;
					};
				};
			};
			buildConfigurationList = 7240C2C01EF4711B00F23C03 /* Build configuration list for PBXProject "SecondMeme" */;
			compatibilityVersion = "Xcode 3.2";
			developmentRegion = English;
			hasScannedForEncodings = 0;
			knownRegions = (
				en,
				Base,
			);
			mainGroup = 7240C2BC1EF4711B00F23C03;
			productRefGroup = 7240C2C61EF4711B00F23C03 /* Products */;
			projectDirPath = "";
			projectRoot = "";
			targets = (
				7240C2C41EF4711B00F23C03 /* SecondMeme */,
			);
		};
/* End PBXProject section */

/* Begin PBXResourcesBuildPhase section */
		7240C2C31EF4711B00F23C03 /* Resources */ = {
			isa = PBXResourcesBuildPhase;
			buildActionMask = 2147483647;
			files = (
				7240C2D31EF4711C00F23C03 /* LaunchScreen.storyboard in Resources */,
				7240C2D01EF4711C00F23C03 /* Assets.xcassets in Resources */,
				7240C2CE1EF4711B00F23C03 /* Main.storyboard in Resources */,
			);
			runOnlyForDeploymentPostprocessing = 0;
		};
/* End PBXResourcesBuildPhase section */

/* Begin PBXSourcesBuildPhase section */
		7240C2C11EF4711B00F23C03 /* Sources */ = {
			isa = PBXSourcesBuildPhase;
			buildActionMask = 2147483647;
			files = (
				7240C2C91EF4711B00F23C03 /* AppDelegate.swift in Sources */,
				7240C2DD1EF4721600F23C03 /* MemeStruct.swift in Sources */,
				7240C2DB1EF471AF00F23C03 /* MainViewController.swift in Sources */,
			);
			runOnlyForDeploymentPostprocessing = 0;
		};
/* End PBXSourcesBuildPhase section */

/* Begin PBXVariantGroup section */
		7240C2CC1EF4711B00F23C03 /* Main.storyboard */ = {
			isa = PBXVariantGroup;
			children = (
				7240C2CD1EF4711B00F23C03 /* Base */,
			);
			name = Main.storyboard;
			sourceTree = "<group>";
		};
		7240C2D11EF4711C00F23C03 /* LaunchScreen.storyboard */ = {
			isa = PBXVariantGroup;
			children = (
				7240C2D21EF4711C00F23C03 /* Base */,
			);
			name = LaunchScreen.storyboard;
			sourceTree = "<group>";
		};
/* End PBXVariantGroup section */

/* Begin XCBuildConfiguration section */
		7240C2D51EF4711C00F23C03 /* Debug */ = {
			isa = XCBuildConfiguration;
			buildSettings = {
				ALWAYS_SEARCH_USER_PATHS = NO;
				CLANG_ANALYZER_NONNULL = YES;
				CLANG_ANALYZER_NUMBER_OBJECT_CONVERSION = YES_AGGRESSIVE;
				CLANG_CXX_LANGUAGE_STANDARD = "gnu++0x";
				CLANG_CXX_LIBRARY = "libc++";
				CLANG_ENABLE_MODULES = YES;
				CLANG_ENABLE_OBJC_ARC = YES;
				CLANG_WARN_BOOL_CONVERSION = YES;
				CLANG_WARN_CONSTANT_CONVERSION = YES;
				CLANG_WARN_DIRECT_OBJC_ISA_USAGE = YES_ERROR;
				CLANG_WARN_DOCUMENTATION_COMMENTS = YES;
				CLANG_WARN_EMPTY_BODY = YES;
				CLANG_WARN_ENUM_CONVERSION = YES;
				CLANG_WARN_INFINITE_RECURSION = YES;
				CLANG_WARN_INT_CONVERSION = YES;
				CLANG_WARN_OBJC_ROOT_CLASS = YES_ERROR;
				CLANG_WARN_SUSPICIOUS_MOVE = YES;
				CLANG_WARN_UNREACHABLE_CODE = YES;
				CLANG_WARN__DUPLICATE_METHOD_MATCH = YES;
				"CODE_SIGN_IDENTITY[sdk=iphoneos*]" = "iPhone Developer";
				COPY_PHASE_STRIP = NO;
				DEBUG_INFORMATION_FORMAT = dwarf;
				ENABLE_STRICT_OBJC_MSGSEND = YES;
				ENABLE_TESTABILITY = YES;
				GCC_C_LANGUAGE_STANDARD = gnu99;
				GCC_DYNAMIC_NO_PIC = NO;
				GCC_NO_COMMON_BLOCKS = YES;
				GCC_OPTIMIZATION_LEVEL = 0;
				GCC_PREPROCESSOR_DEFINITIONS = (
					"DEBUG=1",
					"$(inherited)",
				);
				GCC_WARN_64_TO_32_BIT_CONVERSION = YES;
				GCC_WARN_ABOUT_RETURN_TYPE = YES_ERROR;
				GCC_WARN_UNDECLARED_SELECTOR = YES;
				GCC_WARN_UNINITIALIZED_AUTOS = YES_AGGRESSIVE;
				GCC_WARN_UNUSED_FUNCTION = YES;
				GCC_WARN_UNUSED_VARIABLE = YES;
				IPHONEOS_DEPLOYMENT_TARGET = 10.3;
				MTL_ENABLE_DEBUG_INFO = YES;
				ONLY_ACTIVE_ARCH = YES;
				SDKROOT = iphoneos;
				SWIFT_ACTIVE_COMPILATION_CONDITIONS = DEBUG;
				SWIFT_OPTIMIZATION_LEVEL = "-Onone";
				TARGETED_DEVICE_FAMILY = "1,2";
			};
			name = Debug;
		};
		7240C2D61EF4711C00F23C03 /* Release */ = {
			isa = XCBuildConfiguration;
			buildSettings = {
				ALWAYS_SEARCH_USER_PATHS = NO;
				CLANG_ANALYZER_NONNULL = YES;
				CLANG_ANALYZER_NUMBER_OBJECT_CONVERSION = YES_AGGRESSIVE;
				CLANG_CXX_LANGUAGE_STANDARD = "gnu++0x";
				CLANG_CXX_LIBRARY = "libc++";
				CLANG_ENABLE_MODULES = YES;
				CLANG_ENABLE_OBJC_ARC = YES;
				CLANG_WARN_BOOL_CONVERSION = YES;
				CLANG_WARN_CONSTANT_CONVERSION = YES;
				CLANG_WARN_DIRECT_OBJC_ISA_USAGE = YES_ERROR;
				CLANG_WARN_DOCUMENTATION_COMMENTS = YES;
				CLANG_WARN_EMPTY_BODY = YES;
				CLANG_WARN_ENUM_CONVERSION = YES;
				CLANG_WARN_INFINITE_RECURSION = YES;
				CLANG_WARN_INT_CONVERSION = YES;
				CLANG_WARN_OBJC_ROOT_CLASS = YES_ERROR;
				CLANG_WARN_SUSPICIOUS_MOVE = YES;
				CLANG_WARN_UNREACHABLE_CODE = YES;
				CLANG_WARN__DUPLICATE_METHOD_MATCH = YES;
				"CODE_SIGN_IDENTITY[sdk=iphoneos*]" = "iPhone Developer";
				COPY_PHASE_STRIP = NO;
				DEBUG_INFORMATION_FORMAT = "dwarf-with-dsym";
				ENABLE_NS_ASSERTIONS = NO;
				ENABLE_STRICT_OBJC_MSGSEND = YES;
				GCC_C_LANGUAGE_STANDARD = gnu99;
				GCC_NO_COMMON_BLOCKS = YES;
				GCC_WARN_64_TO_32_BIT_CONVERSION = YES;
				GCC_WARN_ABOUT_RETURN_TYPE = YES_ERROR;
				GCC_WARN_UNDECLARED_SELECTOR = YES;
				GCC_WARN_UNINITIALIZED_AUTOS = YES_AGGRESSIVE;
				GCC_WARN_UNUSED_FUNCTION = YES;
				GCC_WARN_UNUSED_VARIABLE = YES;
				IPHONEOS_DEPLOYMENT_TARGET = 10.3;
				MTL_ENABLE_DEBUG_INFO = NO;
				SDKROOT = iphoneos;
				SWIFT_OPTIMIZATION_LEVEL = "-Owholemodule";
				TARGETED_DEVICE_FAMILY = "1,2";
				VALIDATE_PRODUCT = YES;
			};
			name = Release;
		};
		7240C2D81EF4711C00F23C03 /* Debug */ = {
			isa = XCBuildConfiguration;
			buildSettings = {
				ASSETCATALOG_COMPILER_APPICON_NAME = AppIcon;
				DEVELOPMENT_TEAM = 283DJ7CH6F;
				INFOPLIST_FILE = SecondMeme/Info.plist;
				LD_RUNPATH_SEARCH_PATHS = "$(inherited) @executable_path/Frameworks";
				PRODUCT_BUNDLE_IDENTIFIER = com.ziming.SecondMeme;
				PRODUCT_NAME = "$(TARGET_NAME)";
				SWIFT_VERSION = 3.0;
			};
			name = Debug;
		};
		7240C2D91EF4711C00F23C03 /* Release */ = {
			isa = XCBuildConfiguration;
			buildSettings = {
				ASSETCATALOG_COMPILER_APPICON_NAME = AppIcon;
				DEVELOPMENT_TEAM = 283DJ7CH6F;
				INFOPLIST_FILE = SecondMeme/Info.plist;
				LD_RUNPATH_SEARCH_PATHS = "$(inherited) @executable_path/Frameworks";
				PRODUCT_BUNDLE_IDENTIFIER = com.ziming.SecondMeme;
				PRODUCT_NAME = "$(TARGET_NAME)";
				SWIFT_VERSION = 3.0;
			};
			name = Release;
		};
/* End XCBuildConfiguration section */

/* Begin XCConfigurationList section */
		7240C2C01EF4711B00F23C03 /* Build configuration list for PBXProject "SecondMeme" */ = {
			isa = XCConfigurationList;
			buildConfigurations = (
				7240C2D51EF4711C00F23C03 /* Debug */,
				7240C2D61EF4711C00F23C03 /* Release */,
			);
			defaultConfigurationIsVisible = 0;
			defaultConfigurationName = Release;
		};
		7240C2D71EF4711C00F23C03 /* Build configuration list for PBXNativeTarget "SecondMeme" */ = {
			isa = XCConfigurationList;
			buildConfigurations = (
				7240C2D81EF4711C00F23C03 /* Debug */,
				7240C2D91EF4711C00F23C03 /* Release */,
			);
			defaultConfigurationIsVisible = 0;
		};
/* End XCConfigurationList section */
	};
	rootObject = 7240C2BD1EF4711B00F23C03 /* Project object */;
}
